// !$*UTF8*$!
{
	archiveVersion = 1;
	classes = {
	};
	objectVersion = 51;
	objects = {

/* Begin PBXBuildFile section */
		0E85653D57F6E21396FAB4CE /* libPods-FormBuilderUITests.a in Frameworks */ = {isa = PBXBuildFile; fileRef = F4626C04C41DF282078FBBB2 /* libPods-FormBuilderUITests.a */; };
		87C499005C7DF27C08009EA2 /* Pods_FormBuilder.framework in Frameworks */ = {isa = PBXBuildFile; fileRef = D0577A2D69916E610017F756 /* Pods_FormBuilder.framework */; };
		B3173D5522A87D750038C4EF /* SchemaRemoteProperty.swift in Sources */ = {isa = PBXBuildFile; fileRef = B3173D5422A87D750038C4EF /* SchemaRemoteProperty.swift */; };
		B317419B22A8C1440038C4EF /* PickerDataSource.swift in Sources */ = {isa = PBXBuildFile; fileRef = B317419A22A8C1440038C4EF /* PickerDataSource.swift */; };
		B317419F22A8C2610038C4EF /* AsyncCollection.swift in Sources */ = {isa = PBXBuildFile; fileRef = B317419E22A8C2610038C4EF /* AsyncCollection.swift */; };
		B31741A122A8D5A80038C4EF /* JSONCollection.swift in Sources */ = {isa = PBXBuildFile; fileRef = B31741A022A8D5A80038C4EF /* JSONCollection.swift */; };
		B324BBD7229F7DBA004B209A /* README.md in Resources */ = {isa = PBXBuildFile; fileRef = B324BBD6229F7DB9004B209A /* README.md */; };
		B324BBDC229F88AA004B209A /* FormBuilder.swift in Sources */ = {isa = PBXBuildFile; fileRef = B324BBDB229F88AA004B209A /* FormBuilder.swift */; };
		B3278E39230108B500EB19DE /* AuthPlugin.swift in Sources */ = {isa = PBXBuildFile; fileRef = B3278E38230108B500EB19DE /* AuthPlugin.swift */; };
		B3278E3B2301093F00EB19DE /* BackendError.swift in Sources */ = {isa = PBXBuildFile; fileRef = B3278E3A2301093F00EB19DE /* BackendError.swift */; };
		B3278E3D2301097700EB19DE /* Errors.swift in Sources */ = {isa = PBXBuildFile; fileRef = B3278E3C2301097700EB19DE /* Errors.swift */; };
		B33BC2F722A5D2530018DAA3 /* SchemaRoot.swift in Sources */ = {isa = PBXBuildFile; fileRef = B33BC2F622A5D2530018DAA3 /* SchemaRoot.swift */; };
		B33BC2F922A5D28C0018DAA3 /* SchemaProperty.swift in Sources */ = {isa = PBXBuildFile; fileRef = B33BC2F822A5D28C0018DAA3 /* SchemaProperty.swift */; };
		B33BC51D22A5DD6C0018DAA3 /* PropertyIterable.swift in Sources */ = {isa = PBXBuildFile; fileRef = B33BC51C22A5DD6C0018DAA3 /* PropertyIterable.swift */; };
		B35FD458229F590800631844 /* AppDelegate.swift in Sources */ = {isa = PBXBuildFile; fileRef = B35FD457229F590800631844 /* AppDelegate.swift */; };
		B35FD45A229F590800631844 /* FormsViewController.swift in Sources */ = {isa = PBXBuildFile; fileRef = B35FD459229F590800631844 /* FormsViewController.swift */; };
		B35FD45D229F590800631844 /* Main.storyboard in Resources */ = {isa = PBXBuildFile; fileRef = B35FD45B229F590800631844 /* Main.storyboard */; };
		B35FD45F229F590B00631844 /* Assets.xcassets in Resources */ = {isa = PBXBuildFile; fileRef = B35FD45E229F590B00631844 /* Assets.xcassets */; };
		B35FD462229F590B00631844 /* LaunchScreen.storyboard in Resources */ = {isa = PBXBuildFile; fileRef = B35FD460229F590B00631844 /* LaunchScreen.storyboard */; };
		B35FD46D229F590B00631844 /* FormBuilderTests.swift in Sources */ = {isa = PBXBuildFile; fileRef = B35FD46C229F590B00631844 /* FormBuilderTests.swift */; };
		B35FD478229F590B00631844 /* FormBuilderUITests.swift in Sources */ = {isa = PBXBuildFile; fileRef = B35FD477229F590B00631844 /* FormBuilderUITests.swift */; };
		B35FD487229F6A2000631844 /* AnimatedField.xib in Resources */ = {isa = PBXBuildFile; fileRef = B35FD486229F6A2000631844 /* AnimatedField.xib */; };
		B35FD489229F6D4B00631844 /* AnimatedField.swift in Sources */ = {isa = PBXBuildFile; fileRef = B35FD488229F6D4B00631844 /* AnimatedField.swift */; };
		B35FD48D229F73F300631844 /* NibType.swift in Sources */ = {isa = PBXBuildFile; fileRef = B35FD48C229F73F300631844 /* NibType.swift */; };
		B364ABCB229F8C25006F2B4B /* MoyaHelper.swift in Sources */ = {isa = PBXBuildFile; fileRef = B364ABCA229F8C25006F2B4B /* MoyaHelper.swift */; };
		B364ABCE229F93B0006F2B4B /* BackendProvider.swift in Sources */ = {isa = PBXBuildFile; fileRef = B364ABCD229F93B0006F2B4B /* BackendProvider.swift */; };
		B364ABD0229F9449006F2B4B /* BackendRequest.swift in Sources */ = {isa = PBXBuildFile; fileRef = B364ABCF229F9449006F2B4B /* BackendRequest.swift */; };
		B364ABD2229F964B006F2B4B /* BackendResponse.swift in Sources */ = {isa = PBXBuildFile; fileRef = B364ABD1229F964B006F2B4B /* BackendResponse.swift */; };
		B364ABD4229F9A5F006F2B4B /* ProviderController.swift in Sources */ = {isa = PBXBuildFile; fileRef = B364ABD3229F9A5F006F2B4B /* ProviderController.swift */; };
		B364ABD6229F9CD4006F2B4B /* CodableModel.swift in Sources */ = {isa = PBXBuildFile; fileRef = B364ABD5229F9CD4006F2B4B /* CodableModel.swift */; };
		B37998C022ADE4E600AC1047 /* DynamicViewController.swift in Sources */ = {isa = PBXBuildFile; fileRef = B37998BF22ADE4E600AC1047 /* DynamicViewController.swift */; };
		B37C3D2A23162EE200D0C22E /* JsonStructure.swift in Sources */ = {isa = PBXBuildFile; fileRef = B37C3D2923162EE200D0C22E /* JsonStructure.swift */; };
		B37C3D2C2316354100D0C22E /* FormProvider.swift in Sources */ = {isa = PBXBuildFile; fileRef = B37C3D2B2316354100D0C22E /* FormProvider.swift */; };
		B37C3D2E231636FC00D0C22E /* SchemaDelegate.swift in Sources */ = {isa = PBXBuildFile; fileRef = B37C3D2D231636FC00D0C22E /* SchemaDelegate.swift */; };
		B37CA17F22A9D3C700D06872 /* JSONDelegate.swift in Sources */ = {isa = PBXBuildFile; fileRef = B37CA17E22A9D3C700D06872 /* JSONDelegate.swift */; };
		B383ED6A22A08C43003CFDBB /* BranchDefinitions.swift in Sources */ = {isa = PBXBuildFile; fileRef = B383ED6922A08C43003CFDBB /* BranchDefinitions.swift */; };
		B383ED6F22A0E86B003CFDBB /* JSONSchema.swift in Sources */ = {isa = PBXBuildFile; fileRef = B383ED6E22A0E86B003CFDBB /* JSONSchema.swift */; };
		B3D4810622A73479003110B8 /* SchemaBranch.swift in Sources */ = {isa = PBXBuildFile; fileRef = B3D4810522A73479003110B8 /* SchemaBranch.swift */; };
		B3D4832A22A77085003110B8 /* Styles.swift in Sources */ = {isa = PBXBuildFile; fileRef = B3D4832922A77085003110B8 /* Styles.swift */; };
		FC90A7AC00E8711FF78372F4 /* libPods-FormBuilderTests.a in Frameworks */ = {isa = PBXBuildFile; fileRef = E60E52A4925EC023A476951B /* libPods-FormBuilderTests.a */; };
/* End PBXBuildFile section */

/* Begin PBXContainerItemProxy section */
		B35FD469229F590B00631844 /* PBXContainerItemProxy */ = {
			isa = PBXContainerItemProxy;
			containerPortal = B35FD44C229F590800631844 /* Project object */;
			proxyType = 1;
			remoteGlobalIDString = B35FD453229F590800631844;
			remoteInfo = FormBuilder;
		};
		B35FD474229F590B00631844 /* PBXContainerItemProxy */ = {
			isa = PBXContainerItemProxy;
			containerPortal = B35FD44C229F590800631844 /* Project object */;
			proxyType = 1;
			remoteGlobalIDString = B35FD453229F590800631844;
			remoteInfo = FormBuilder;
		};
/* End PBXContainerItemProxy section */

/* Begin PBXFileReference section */
		2D56889B6907B8A3A0727A9F /* Pods-FormBuilderUITests.debug.xcconfig */ = {isa = PBXFileReference; includeInIndex = 1; lastKnownFileType = text.xcconfig; name = "Pods-FormBuilderUITests.debug.xcconfig"; path = "Target Support Files/Pods-FormBuilderUITests/Pods-FormBuilderUITests.debug.xcconfig"; sourceTree = "<group>"; };
		2E921FD3A46B1CB8B05667E2 /* Pods-FormBuilder.debug.xcconfig */ = {isa = PBXFileReference; includeInIndex = 1; lastKnownFileType = text.xcconfig; name = "Pods-FormBuilder.debug.xcconfig"; path = "Target Support Files/Pods-FormBuilder/Pods-FormBuilder.debug.xcconfig"; sourceTree = "<group>"; };
		3BCC01A7E158EF39B936D2B1 /* Pods-FormBuilderUITests.release.xcconfig */ = {isa = PBXFileReference; includeInIndex = 1; lastKnownFileType = text.xcconfig; name = "Pods-FormBuilderUITests.release.xcconfig"; path = "Target Support Files/Pods-FormBuilderUITests/Pods-FormBuilderUITests.release.xcconfig"; sourceTree = "<group>"; };
		971B9DA3BF68E8C6D53BDB7A /* Pods-FormBuilder.release.xcconfig */ = {isa = PBXFileReference; includeInIndex = 1; lastKnownFileType = text.xcconfig; name = "Pods-FormBuilder.release.xcconfig"; path = "Target Support Files/Pods-FormBuilder/Pods-FormBuilder.release.xcconfig"; sourceTree = "<group>"; };
		A817D379A7055A061DE05FB6 /* Pods-FormBuilderTests.release.xcconfig */ = {isa = PBXFileReference; includeInIndex = 1; lastKnownFileType = text.xcconfig; name = "Pods-FormBuilderTests.release.xcconfig"; path = "Target Support Files/Pods-FormBuilderTests/Pods-FormBuilderTests.release.xcconfig"; sourceTree = "<group>"; };
		B3173D5422A87D750038C4EF /* SchemaRemoteProperty.swift */ = {isa = PBXFileReference; lastKnownFileType = sourcecode.swift; path = SchemaRemoteProperty.swift; sourceTree = "<group>"; };
		B317419A22A8C1440038C4EF /* PickerDataSource.swift */ = {isa = PBXFileReference; lastKnownFileType = sourcecode.swift; path = PickerDataSource.swift; sourceTree = "<group>"; };
		B317419E22A8C2610038C4EF /* AsyncCollection.swift */ = {isa = PBXFileReference; lastKnownFileType = sourcecode.swift; path = AsyncCollection.swift; sourceTree = "<group>"; };
		B31741A022A8D5A80038C4EF /* JSONCollection.swift */ = {isa = PBXFileReference; lastKnownFileType = sourcecode.swift; path = JSONCollection.swift; sourceTree = "<group>"; };
		B324BBD6229F7DB9004B209A /* README.md */ = {isa = PBXFileReference; fileEncoding = 4; lastKnownFileType = net.daringfireball.markdown; path = README.md; sourceTree = "<group>"; };
		B324BBDB229F88AA004B209A /* FormBuilder.swift */ = {isa = PBXFileReference; lastKnownFileType = sourcecode.swift; path = FormBuilder.swift; sourceTree = "<group>"; };
		B3278E38230108B500EB19DE /* AuthPlugin.swift */ = {isa = PBXFileReference; lastKnownFileType = sourcecode.swift; path = AuthPlugin.swift; sourceTree = "<group>"; };
		B3278E3A2301093F00EB19DE /* BackendError.swift */ = {isa = PBXFileReference; lastKnownFileType = sourcecode.swift; path = BackendError.swift; sourceTree = "<group>"; };
		B3278E3C2301097700EB19DE /* Errors.swift */ = {isa = PBXFileReference; lastKnownFileType = sourcecode.swift; path = Errors.swift; sourceTree = "<group>"; };
		B33BC2F622A5D2530018DAA3 /* SchemaRoot.swift */ = {isa = PBXFileReference; lastKnownFileType = sourcecode.swift; path = SchemaRoot.swift; sourceTree = "<group>"; };
		B33BC2F822A5D28C0018DAA3 /* SchemaProperty.swift */ = {isa = PBXFileReference; lastKnownFileType = sourcecode.swift; path = SchemaProperty.swift; sourceTree = "<group>"; };
		B33BC51C22A5DD6C0018DAA3 /* PropertyIterable.swift */ = {isa = PBXFileReference; lastKnownFileType = sourcecode.swift; path = PropertyIterable.swift; sourceTree = "<group>"; };
		B35FD454229F590800631844 /* FormBuilder.app */ = {isa = PBXFileReference; explicitFileType = wrapper.application; includeInIndex = 0; path = FormBuilder.app; sourceTree = BUILT_PRODUCTS_DIR; };
		B35FD457229F590800631844 /* AppDelegate.swift */ = {isa = PBXFileReference; lastKnownFileType = sourcecode.swift; path = AppDelegate.swift; sourceTree = "<group>"; };
		B35FD459229F590800631844 /* FormsViewController.swift */ = {isa = PBXFileReference; lastKnownFileType = sourcecode.swift; path = FormsViewController.swift; sourceTree = "<group>"; };
		B35FD45C229F590800631844 /* Base */ = {isa = PBXFileReference; lastKnownFileType = file.storyboard; name = Base; path = Base.lproj/Main.storyboard; sourceTree = "<group>"; };
		B35FD45E229F590B00631844 /* Assets.xcassets */ = {isa = PBXFileReference; lastKnownFileType = folder.assetcatalog; path = Assets.xcassets; sourceTree = "<group>"; };
		B35FD461229F590B00631844 /* Base */ = {isa = PBXFileReference; lastKnownFileType = file.storyboard; name = Base; path = Base.lproj/LaunchScreen.storyboard; sourceTree = "<group>"; };
		B35FD463229F590B00631844 /* Info.plist */ = {isa = PBXFileReference; lastKnownFileType = text.plist.xml; path = Info.plist; sourceTree = "<group>"; };
		B35FD468229F590B00631844 /* FormBuilderTests.xctest */ = {isa = PBXFileReference; explicitFileType = wrapper.cfbundle; includeInIndex = 0; path = FormBuilderTests.xctest; sourceTree = BUILT_PRODUCTS_DIR; };
		B35FD46C229F590B00631844 /* FormBuilderTests.swift */ = {isa = PBXFileReference; lastKnownFileType = sourcecode.swift; path = FormBuilderTests.swift; sourceTree = "<group>"; };
		B35FD46E229F590B00631844 /* Info.plist */ = {isa = PBXFileReference; lastKnownFileType = text.plist.xml; path = Info.plist; sourceTree = "<group>"; };
		B35FD473229F590B00631844 /* FormBuilderUITests.xctest */ = {isa = PBXFileReference; explicitFileType = wrapper.cfbundle; includeInIndex = 0; path = FormBuilderUITests.xctest; sourceTree = BUILT_PRODUCTS_DIR; };
		B35FD477229F590B00631844 /* FormBuilderUITests.swift */ = {isa = PBXFileReference; lastKnownFileType = sourcecode.swift; path = FormBuilderUITests.swift; sourceTree = "<group>"; };
		B35FD479229F590B00631844 /* Info.plist */ = {isa = PBXFileReference; lastKnownFileType = text.plist.xml; path = Info.plist; sourceTree = "<group>"; };
		B35FD486229F6A2000631844 /* AnimatedField.xib */ = {isa = PBXFileReference; lastKnownFileType = file.xib; path = AnimatedField.xib; sourceTree = "<group>"; };
		B35FD488229F6D4B00631844 /* AnimatedField.swift */ = {isa = PBXFileReference; lastKnownFileType = sourcecode.swift; path = AnimatedField.swift; sourceTree = "<group>"; };
		B35FD48C229F73F300631844 /* NibType.swift */ = {isa = PBXFileReference; lastKnownFileType = sourcecode.swift; path = NibType.swift; sourceTree = "<group>"; };
		B364ABCA229F8C25006F2B4B /* MoyaHelper.swift */ = {isa = PBXFileReference; lastKnownFileType = sourcecode.swift; path = MoyaHelper.swift; sourceTree = "<group>"; };
		B364ABCD229F93B0006F2B4B /* BackendProvider.swift */ = {isa = PBXFileReference; lastKnownFileType = sourcecode.swift; path = BackendProvider.swift; sourceTree = "<group>"; };
		B364ABCF229F9449006F2B4B /* BackendRequest.swift */ = {isa = PBXFileReference; lastKnownFileType = sourcecode.swift; path = BackendRequest.swift; sourceTree = "<group>"; };
		B364ABD1229F964B006F2B4B /* BackendResponse.swift */ = {isa = PBXFileReference; lastKnownFileType = sourcecode.swift; path = BackendResponse.swift; sourceTree = "<group>"; };
		B364ABD3229F9A5F006F2B4B /* ProviderController.swift */ = {isa = PBXFileReference; lastKnownFileType = sourcecode.swift; path = ProviderController.swift; sourceTree = "<group>"; };
		B364ABD5229F9CD4006F2B4B /* CodableModel.swift */ = {isa = PBXFileReference; lastKnownFileType = sourcecode.swift; path = CodableModel.swift; sourceTree = "<group>"; };
		B37998BF22ADE4E600AC1047 /* DynamicViewController.swift */ = {isa = PBXFileReference; lastKnownFileType = sourcecode.swift; path = DynamicViewController.swift; sourceTree = "<group>"; };
		B37C3D2923162EE200D0C22E /* JsonStructure.swift */ = {isa = PBXFileReference; lastKnownFileType = sourcecode.swift; path = JsonStructure.swift; sourceTree = "<group>"; };
		B37C3D2B2316354100D0C22E /* FormProvider.swift */ = {isa = PBXFileReference; lastKnownFileType = sourcecode.swift; path = FormProvider.swift; sourceTree = "<group>"; };
		B37C3D2D231636FC00D0C22E /* SchemaDelegate.swift */ = {isa = PBXFileReference; lastKnownFileType = sourcecode.swift; path = SchemaDelegate.swift; sourceTree = "<group>"; };
		B37CA17E22A9D3C700D06872 /* JSONDelegate.swift */ = {isa = PBXFileReference; lastKnownFileType = sourcecode.swift; path = JSONDelegate.swift; sourceTree = "<group>"; };
		B383ED6922A08C43003CFDBB /* BranchDefinitions.swift */ = {isa = PBXFileReference; lastKnownFileType = sourcecode.swift; path = BranchDefinitions.swift; sourceTree = "<group>"; };
		B383ED6E22A0E86B003CFDBB /* JSONSchema.swift */ = {isa = PBXFileReference; lastKnownFileType = sourcecode.swift; path = JSONSchema.swift; sourceTree = "<group>"; };
		B3D4810522A73479003110B8 /* SchemaBranch.swift */ = {isa = PBXFileReference; lastKnownFileType = sourcecode.swift; path = SchemaBranch.swift; sourceTree = "<group>"; };
		B3D4832922A77085003110B8 /* Styles.swift */ = {isa = PBXFileReference; lastKnownFileType = sourcecode.swift; path = Styles.swift; sourceTree = "<group>"; };
		D0577A2D69916E610017F756 /* Pods_FormBuilder.framework */ = {isa = PBXFileReference; explicitFileType = wrapper.framework; includeInIndex = 0; path = Pods_FormBuilder.framework; sourceTree = BUILT_PRODUCTS_DIR; };
		DA3894A4FCCBC848728BE6F0 /* Pods-FormBuilderTests.debug.xcconfig */ = {isa = PBXFileReference; includeInIndex = 1; lastKnownFileType = text.xcconfig; name = "Pods-FormBuilderTests.debug.xcconfig"; path = "Target Support Files/Pods-FormBuilderTests/Pods-FormBuilderTests.debug.xcconfig"; sourceTree = "<group>"; };
		E60E52A4925EC023A476951B /* libPods-FormBuilderTests.a */ = {isa = PBXFileReference; explicitFileType = archive.ar; includeInIndex = 0; path = "libPods-FormBuilderTests.a"; sourceTree = BUILT_PRODUCTS_DIR; };
		F4626C04C41DF282078FBBB2 /* libPods-FormBuilderUITests.a */ = {isa = PBXFileReference; explicitFileType = archive.ar; includeInIndex = 0; path = "libPods-FormBuilderUITests.a"; sourceTree = BUILT_PRODUCTS_DIR; };
/* End PBXFileReference section */

/* Begin PBXFrameworksBuildPhase section */
		B35FD451229F590800631844 /* Frameworks */ = {
			isa = PBXFrameworksBuildPhase;
			buildActionMask = 2147483647;
			files = (
				87C499005C7DF27C08009EA2 /* Pods_FormBuilder.framework in Frameworks */,
			);
			runOnlyForDeploymentPostprocessing = 0;
		};
		B35FD465229F590B00631844 /* Frameworks */ = {
			isa = PBXFrameworksBuildPhase;
			buildActionMask = 2147483647;
			files = (
				FC90A7AC00E8711FF78372F4 /* libPods-FormBuilderTests.a in Frameworks */,
			);
			runOnlyForDeploymentPostprocessing = 0;
		};
		B35FD470229F590B00631844 /* Frameworks */ = {
			isa = PBXFrameworksBuildPhase;
			buildActionMask = 2147483647;
			files = (
				0E85653D57F6E21396FAB4CE /* libPods-FormBuilderUITests.a in Frameworks */,
			);
			runOnlyForDeploymentPostprocessing = 0;
		};
/* End PBXFrameworksBuildPhase section */

/* Begin PBXGroup section */
		025FCA4B25BCAD09ADFF0492 /* Pods */ = {
			isa = PBXGroup;
			children = (
				2E921FD3A46B1CB8B05667E2 /* Pods-FormBuilder.debug.xcconfig */,
				971B9DA3BF68E8C6D53BDB7A /* Pods-FormBuilder.release.xcconfig */,
				DA3894A4FCCBC848728BE6F0 /* Pods-FormBuilderTests.debug.xcconfig */,
				A817D379A7055A061DE05FB6 /* Pods-FormBuilderTests.release.xcconfig */,
				2D56889B6907B8A3A0727A9F /* Pods-FormBuilderUITests.debug.xcconfig */,
				3BCC01A7E158EF39B936D2B1 /* Pods-FormBuilderUITests.release.xcconfig */,
			);
			path = Pods;
			sourceTree = "<group>";
		};
		B09D0224D9080E77B02CEF62 /* Frameworks */ = {
			isa = PBXGroup;
			children = (
				D0577A2D69916E610017F756 /* Pods_FormBuilder.framework */,
				E60E52A4925EC023A476951B /* libPods-FormBuilderTests.a */,
				F4626C04C41DF282078FBBB2 /* libPods-FormBuilderUITests.a */,
			);
			name = Frameworks;
			sourceTree = "<group>";
		};
		B324BBDA229F8875004B209A /* Util */ = {
			isa = PBXGroup;
			children = (
				B317419E22A8C2610038C4EF /* AsyncCollection.swift */,
				B317419A22A8C1440038C4EF /* PickerDataSource.swift */,
				B324BBDB229F88AA004B209A /* FormBuilder.swift */,
				B33BC51C22A5DD6C0018DAA3 /* PropertyIterable.swift */,
				B3D4832922A77085003110B8 /* Styles.swift */,
				B3278E3C2301097700EB19DE /* Errors.swift */,
			);
			path = Util;
			sourceTree = "<group>";
		};
		B35FD44B229F590800631844 = {
			isa = PBXGroup;
			children = (
				B324BBD6229F7DB9004B209A /* README.md */,
				B35FD456229F590800631844 /* FormBuilder */,
				B35FD46B229F590B00631844 /* FormBuilderTests */,
				B35FD476229F590B00631844 /* FormBuilderUITests */,
				B35FD455229F590800631844 /* Products */,
				025FCA4B25BCAD09ADFF0492 /* Pods */,
				B09D0224D9080E77B02CEF62 /* Frameworks */,
			);
			sourceTree = "<group>";
		};
		B35FD455229F590800631844 /* Products */ = {
			isa = PBXGroup;
			children = (
				B35FD454229F590800631844 /* FormBuilder.app */,
				B35FD468229F590B00631844 /* FormBuilderTests.xctest */,
				B35FD473229F590B00631844 /* FormBuilderUITests.xctest */,
			);
			name = Products;
			sourceTree = "<group>";
		};
		B35FD456229F590800631844 /* FormBuilder */ = {
			isa = PBXGroup;
			children = (
				B35FD457229F590800631844 /* AppDelegate.swift */,
				B35FD48B229F6DA200631844 /* Controllers */,
				B364ABC4229F89AC006F2B4B /* Networking */,
				B324BBDA229F8875004B209A /* Util */,
				B35FD485229F681900631844 /* Views */,
				B35FD48A229F6D5900631844 /* Resources */,
			);
			path = FormBuilder;
			sourceTree = "<group>";
		};
		B35FD46B229F590B00631844 /* FormBuilderTests */ = {
			isa = PBXGroup;
			children = (
				B35FD46C229F590B00631844 /* FormBuilderTests.swift */,
				B35FD46E229F590B00631844 /* Info.plist */,
			);
			path = FormBuilderTests;
			sourceTree = "<group>";
		};
		B35FD476229F590B00631844 /* FormBuilderUITests */ = {
			isa = PBXGroup;
			children = (
				B35FD477229F590B00631844 /* FormBuilderUITests.swift */,
				B35FD479229F590B00631844 /* Info.plist */,
			);
			path = FormBuilderUITests;
			sourceTree = "<group>";
		};
		B35FD485229F681900631844 /* Views */ = {
			isa = PBXGroup;
			children = (
				B35FD48C229F73F300631844 /* NibType.swift */,
				B35FD486229F6A2000631844 /* AnimatedField.xib */,
				B35FD488229F6D4B00631844 /* AnimatedField.swift */,
			);
			path = Views;
			sourceTree = "<group>";
		};
		B35FD48A229F6D5900631844 /* Resources */ = {
			isa = PBXGroup;
			children = (
				B35FD45E229F590B00631844 /* Assets.xcassets */,
				B35FD463229F590B00631844 /* Info.plist */,
				B35FD45B229F590800631844 /* Main.storyboard */,
				B35FD460229F590B00631844 /* LaunchScreen.storyboard */,
			);
			path = Resources;
			sourceTree = "<group>";
		};
		B35FD48B229F6DA200631844 /* Controllers */ = {
			isa = PBXGroup;
			children = (
				B364ABD3229F9A5F006F2B4B /* ProviderController.swift */,
				B37998BF22ADE4E600AC1047 /* DynamicViewController.swift */,
				B35FD459229F590800631844 /* FormsViewController.swift */,
			);
			path = Controllers;
			sourceTree = "<group>";
		};
		B364ABC4229F89AC006F2B4B /* Networking */ = {
			isa = PBXGroup;
			children = (
				B364ABC8229F8B2E006F2B4B /* Models */,
				B364ABCC229F939A006F2B4B /* Providers */,
				B37CA17D22A9D39800D06872 /* Delegates */,
				B364ABCF229F9449006F2B4B /* BackendRequest.swift */,
				B3278E38230108B500EB19DE /* AuthPlugin.swift */,
			);
			path = Networking;
			sourceTree = "<group>";
		};
		B364ABC5229F89C9006F2B4B /* Collections */ = {
			isa = PBXGroup;
			children = (
				B31741A022A8D5A80038C4EF /* JSONCollection.swift */,
			);
			path = Collections;
			sourceTree = "<group>";
		};
		B364ABC8229F8B2E006F2B4B /* Models */ = {
			isa = PBXGroup;
			children = (
				B383ED6B22A0D8C3003CFDBB /* JSON */,
				B364ABC5229F89C9006F2B4B /* Collections */,
				B364ABC9229F8C15006F2B4B /* Helpers */,
				B364ABD5229F9CD4006F2B4B /* CodableModel.swift */,
			);
			path = Models;
			sourceTree = "<group>";
		};
		B364ABC9229F8C15006F2B4B /* Helpers */ = {
			isa = PBXGroup;
			children = (
				B364ABCA229F8C25006F2B4B /* MoyaHelper.swift */,
				B364ABD1229F964B006F2B4B /* BackendResponse.swift */,
				B3278E3A2301093F00EB19DE /* BackendError.swift */,
			);
			path = Helpers;
			sourceTree = "<group>";
		};
		B364ABCC229F939A006F2B4B /* Providers */ = {
			isa = PBXGroup;
			children = (
				B364ABCD229F93B0006F2B4B /* BackendProvider.swift */,
				B37C3D2B2316354100D0C22E /* FormProvider.swift */,
			);
			path = Providers;
			sourceTree = "<group>";
		};
		B37CA17D22A9D39800D06872 /* Delegates */ = {
			isa = PBXGroup;
			children = (
				B37CA17E22A9D3C700D06872 /* JSONDelegate.swift */,
				B37C3D2D231636FC00D0C22E /* SchemaDelegate.swift */,
			);
			path = Delegates;
			sourceTree = "<group>";
		};
		B383ED6B22A0D8C3003CFDBB /* JSON */ = {
			isa = PBXGroup;
			children = (
				B383ED6922A08C43003CFDBB /* BranchDefinitions.swift */,
				B383ED6E22A0E86B003CFDBB /* JSONSchema.swift */,
				B3D4810522A73479003110B8 /* SchemaBranch.swift */,
				B33BC2F622A5D2530018DAA3 /* SchemaRoot.swift */,
				B33BC2F822A5D28C0018DAA3 /* SchemaProperty.swift */,
				B3173D5422A87D750038C4EF /* SchemaRemoteProperty.swift */,
				B37C3D2923162EE200D0C22E /* JsonStructure.swift */,
			);
			path = JSON;
			sourceTree = "<group>";
		};
/* End PBXGroup section */

/* Begin PBXNativeTarget section */
		B35FD453229F590800631844 /* FormBuilder */ = {
			isa = PBXNativeTarget;
			buildConfigurationList = B35FD47C229F590B00631844 /* Build configuration list for PBXNativeTarget "FormBuilder" */;
			buildPhases = (
				F3382096AD294BCE7F8660D0 /* [CP] Check Pods Manifest.lock */,
				B35FD450229F590800631844 /* Sources */,
				B35FD451229F590800631844 /* Frameworks */,
				B35FD452229F590800631844 /* Resources */,
				207BDD01599A0223536AA3D2 /* [CP] Embed Pods Frameworks */,
			);
			buildRules = (
			);
			dependencies = (
			);
			name = FormBuilder;
			productName = FormBuilder;
			productReference = B35FD454229F590800631844 /* FormBuilder.app */;
			productType = "com.apple.product-type.application";
		};
		B35FD467229F590B00631844 /* FormBuilderTests */ = {
			isa = PBXNativeTarget;
			buildConfigurationList = B35FD47F229F590B00631844 /* Build configuration list for PBXNativeTarget "FormBuilderTests" */;
			buildPhases = (
				4EAB4A2641189385A6B6DBB9 /* [CP] Check Pods Manifest.lock */,
				B35FD464229F590B00631844 /* Sources */,
				B35FD465229F590B00631844 /* Frameworks */,
				B35FD466229F590B00631844 /* Resources */,
			);
			buildRules = (
			);
			dependencies = (
				B35FD46A229F590B00631844 /* PBXTargetDependency */,
			);
			name = FormBuilderTests;
			productName = FormBuilderTests;
			productReference = B35FD468229F590B00631844 /* FormBuilderTests.xctest */;
			productType = "com.apple.product-type.bundle.unit-test";
		};
		B35FD472229F590B00631844 /* FormBuilderUITests */ = {
			isa = PBXNativeTarget;
			buildConfigurationList = B35FD482229F590B00631844 /* Build configuration list for PBXNativeTarget "FormBuilderUITests" */;
			buildPhases = (
				8AD715410877E515EE5EFFBF /* [CP] Check Pods Manifest.lock */,
				B35FD46F229F590B00631844 /* Sources */,
				B35FD470229F590B00631844 /* Frameworks */,
				B35FD471229F590B00631844 /* Resources */,
			);
			buildRules = (
			);
			dependencies = (
				B35FD475229F590B00631844 /* PBXTargetDependency */,
			);
			name = FormBuilderUITests;
			productName = FormBuilderUITests;
			productReference = B35FD473229F590B00631844 /* FormBuilderUITests.xctest */;
			productType = "com.apple.product-type.bundle.ui-testing";
		};
/* End PBXNativeTarget section */

/* Begin PBXProject section */
		B35FD44C229F590800631844 /* Project object */ = {
			isa = PBXProject;
			attributes = {
				LastSwiftUpdateCheck = 1020;
				LastUpgradeCheck = 1020;
				ORGANIZATIONNAME = OrbitRemit;
				TargetAttributes = {
					B35FD453229F590800631844 = {
						CreatedOnToolsVersion = 10.2.1;
					};
					B35FD467229F590B00631844 = {
						CreatedOnToolsVersion = 10.2.1;
						TestTargetID = B35FD453229F590800631844;
					};
					B35FD472229F590B00631844 = {
						CreatedOnToolsVersion = 10.2.1;
						TestTargetID = B35FD453229F590800631844;
					};
				};
			};
			buildConfigurationList = B35FD44F229F590800631844 /* Build configuration list for PBXProject "FormBuilder" */;
			compatibilityVersion = "Xcode 9.3";
			developmentRegion = en;
			hasScannedForEncodings = 0;
			knownRegions = (
				en,
				Base,
			);
			mainGroup = B35FD44B229F590800631844;
			productRefGroup = B35FD455229F590800631844 /* Products */;
			projectDirPath = "";
			projectRoot = "";
			targets = (
				B35FD453229F590800631844 /* FormBuilder */,
				B35FD467229F590B00631844 /* FormBuilderTests */,
				B35FD472229F590B00631844 /* FormBuilderUITests */,
			);
		};
/* End PBXProject section */

/* Begin PBXResourcesBuildPhase section */
		B35FD452229F590800631844 /* Resources */ = {
			isa = PBXResourcesBuildPhase;
			buildActionMask = 2147483647;
			files = (
				B35FD462229F590B00631844 /* LaunchScreen.storyboard in Resources */,
				B35FD487229F6A2000631844 /* AnimatedField.xib in Resources */,
				B324BBD7229F7DBA004B209A /* README.md in Resources */,
				B35FD45F229F590B00631844 /* Assets.xcassets in Resources */,
				B35FD45D229F590800631844 /* Main.storyboard in Resources */,
			);
			runOnlyForDeploymentPostprocessing = 0;
		};
		B35FD466229F590B00631844 /* Resources */ = {
			isa = PBXResourcesBuildPhase;
			buildActionMask = 2147483647;
			files = (
			);
			runOnlyForDeploymentPostprocessing = 0;
		};
		B35FD471229F590B00631844 /* Resources */ = {
			isa = PBXResourcesBuildPhase;
			buildActionMask = 2147483647;
			files = (
			);
			runOnlyForDeploymentPostprocessing = 0;
		};
/* End PBXResourcesBuildPhase section */

/* Begin PBXShellScriptBuildPhase section */
		207BDD01599A0223536AA3D2 /* [CP] Embed Pods Frameworks */ = {
			isa = PBXShellScriptBuildPhase;
			buildActionMask = 2147483647;
			files = (
			);
			inputFileListPaths = (
				"${PODS_ROOT}/Target Support Files/Pods-FormBuilder/Pods-FormBuilder-frameworks-${CONFIGURATION}-input-files.xcfilelist",
			);
			name = "[CP] Embed Pods Frameworks";
			outputFileListPaths = (
				"${PODS_ROOT}/Target Support Files/Pods-FormBuilder/Pods-FormBuilder-frameworks-${CONFIGURATION}-output-files.xcfilelist",
			);
			runOnlyForDeploymentPostprocessing = 0;
			shellPath = /bin/sh;
			shellScript = "\"${PODS_ROOT}/Target Support Files/Pods-FormBuilder/Pods-FormBuilder-frameworks.sh\"\n";
			showEnvVarsInLog = 0;
		};
		4EAB4A2641189385A6B6DBB9 /* [CP] Check Pods Manifest.lock */ = {
			isa = PBXShellScriptBuildPhase;
			buildActionMask = 2147483647;
			files = (
			);
			inputFileListPaths = (
			);
			inputPaths = (
				"${PODS_PODFILE_DIR_PATH}/Podfile.lock",
				"${PODS_ROOT}/Manifest.lock",
			);
			name = "[CP] Check Pods Manifest.lock";
			outputFileListPaths = (
			);
			outputPaths = (
				"$(DERIVED_FILE_DIR)/Pods-FormBuilderTests-checkManifestLockResult.txt",
			);
			runOnlyForDeploymentPostprocessing = 0;
			shellPath = /bin/sh;
			shellScript = "diff \"${PODS_PODFILE_DIR_PATH}/Podfile.lock\" \"${PODS_ROOT}/Manifest.lock\" > /dev/null\nif [ $? != 0 ] ; then\n    # print error to STDERR\n    echo \"error: The sandbox is not in sync with the Podfile.lock. Run 'pod install' or update your CocoaPods installation.\" >&2\n    exit 1\nfi\n# This output is used by Xcode 'outputs' to avoid re-running this script phase.\necho \"SUCCESS\" > \"${SCRIPT_OUTPUT_FILE_0}\"\n";
			showEnvVarsInLog = 0;
		};
		8AD715410877E515EE5EFFBF /* [CP] Check Pods Manifest.lock */ = {
			isa = PBXShellScriptBuildPhase;
			buildActionMask = 2147483647;
			files = (
			);
			inputFileListPaths = (
			);
			inputPaths = (
				"${PODS_PODFILE_DIR_PATH}/Podfile.lock",
				"${PODS_ROOT}/Manifest.lock",
			);
			name = "[CP] Check Pods Manifest.lock";
			outputFileListPaths = (
			);
			outputPaths = (
				"$(DERIVED_FILE_DIR)/Pods-FormBuilderUITests-checkManifestLockResult.txt",
			);
			runOnlyForDeploymentPostprocessing = 0;
			shellPath = /bin/sh;
			shellScript = "diff \"${PODS_PODFILE_DIR_PATH}/Podfile.lock\" \"${PODS_ROOT}/Manifest.lock\" > /dev/null\nif [ $? != 0 ] ; then\n    # print error to STDERR\n    echo \"error: The sandbox is not in sync with the Podfile.lock. Run 'pod install' or update your CocoaPods installation.\" >&2\n    exit 1\nfi\n# This output is used by Xcode 'outputs' to avoid re-running this script phase.\necho \"SUCCESS\" > \"${SCRIPT_OUTPUT_FILE_0}\"\n";
			showEnvVarsInLog = 0;
		};
		F3382096AD294BCE7F8660D0 /* [CP] Check Pods Manifest.lock */ = {
			isa = PBXShellScriptBuildPhase;
			buildActionMask = 2147483647;
			files = (
			);
			inputFileListPaths = (
			);
			inputPaths = (
				"${PODS_PODFILE_DIR_PATH}/Podfile.lock",
				"${PODS_ROOT}/Manifest.lock",
			);
			name = "[CP] Check Pods Manifest.lock";
			outputFileListPaths = (
			);
			outputPaths = (
				"$(DERIVED_FILE_DIR)/Pods-FormBuilder-checkManifestLockResult.txt",
			);
			runOnlyForDeploymentPostprocessing = 0;
			shellPath = /bin/sh;
			shellScript = "diff \"${PODS_PODFILE_DIR_PATH}/Podfile.lock\" \"${PODS_ROOT}/Manifest.lock\" > /dev/null\nif [ $? != 0 ] ; then\n    # print error to STDERR\n    echo \"error: The sandbox is not in sync with the Podfile.lock. Run 'pod install' or update your CocoaPods installation.\" >&2\n    exit 1\nfi\n# This output is used by Xcode 'outputs' to avoid re-running this script phase.\necho \"SUCCESS\" > \"${SCRIPT_OUTPUT_FILE_0}\"\n";
			showEnvVarsInLog = 0;
		};
/* End PBXShellScriptBuildPhase section */

/* Begin PBXSourcesBuildPhase section */
		B35FD450229F590800631844 /* Sources */ = {
			isa = PBXSourcesBuildPhase;
			buildActionMask = 2147483647;
			files = (
				B37C3D2E231636FC00D0C22E /* SchemaDelegate.swift in Sources */,
				B383ED6F22A0E86B003CFDBB /* JSONSchema.swift in Sources */,
				B33BC51D22A5DD6C0018DAA3 /* PropertyIterable.swift in Sources */,
				B35FD45A229F590800631844 /* FormsViewController.swift in Sources */,
				B3278E3D2301097700EB19DE /* Errors.swift in Sources */,
				B3278E3B2301093F00EB19DE /* BackendError.swift in Sources */,
				B35FD458229F590800631844 /* AppDelegate.swift in Sources */,
				B33BC2F722A5D2530018DAA3 /* SchemaRoot.swift in Sources */,
				B364ABD4229F9A5F006F2B4B /* ProviderController.swift in Sources */,
				B33BC2F922A5D28C0018DAA3 /* SchemaProperty.swift in Sources */,
				B3173D5522A87D750038C4EF /* SchemaRemoteProperty.swift in Sources */,
				B383ED6A22A08C43003CFDBB /* BranchDefinitions.swift in Sources */,
				B364ABCB229F8C25006F2B4B /* MoyaHelper.swift in Sources */,
				B37CA17F22A9D3C700D06872 /* JSONDelegate.swift in Sources */,
				B364ABD6229F9CD4006F2B4B /* CodableModel.swift in Sources */,
				B37998C022ADE4E600AC1047 /* DynamicViewController.swift in Sources */,
				B364ABD2229F964B006F2B4B /* BackendResponse.swift in Sources */,
				B317419B22A8C1440038C4EF /* PickerDataSource.swift in Sources */,
				B364ABCE229F93B0006F2B4B /* BackendProvider.swift in Sources */,
				B317419F22A8C2610038C4EF /* AsyncCollection.swift in Sources */,
				B324BBDC229F88AA004B209A /* FormBuilder.swift in Sources */,
				B3D4832A22A77085003110B8 /* Styles.swift in Sources */,
				B3278E39230108B500EB19DE /* AuthPlugin.swift in Sources */,
				B35FD489229F6D4B00631844 /* AnimatedField.swift in Sources */,
				B3D4810622A73479003110B8 /* SchemaBranch.swift in Sources */,
				B364ABD0229F9449006F2B4B /* BackendRequest.swift in Sources */,
				B37C3D2C2316354100D0C22E /* FormProvider.swift in Sources */,
				B37C3D2A23162EE200D0C22E /* JsonStructure.swift in Sources */,
				B35FD48D229F73F300631844 /* NibType.swift in Sources */,
				B31741A122A8D5A80038C4EF /* JSONCollection.swift in Sources */,
			);
			runOnlyForDeploymentPostprocessing = 0;
		};
		B35FD464229F590B00631844 /* Sources */ = {
			isa = PBXSourcesBuildPhase;
			buildActionMask = 2147483647;
			files = (
				B35FD46D229F590B00631844 /* FormBuilderTests.swift in Sources */,
			);
			runOnlyForDeploymentPostprocessing = 0;
		};
		B35FD46F229F590B00631844 /* Sources */ = {
			isa = PBXSourcesBuildPhase;
			buildActionMask = 2147483647;
			files = (
				B35FD478229F590B00631844 /* FormBuilderUITests.swift in Sources */,
			);
			runOnlyForDeploymentPostprocessing = 0;
		};
/* End PBXSourcesBuildPhase section */

/* Begin PBXTargetDependency section */
		B35FD46A229F590B00631844 /* PBXTargetDependency */ = {
			isa = PBXTargetDependency;
			target = B35FD453229F590800631844 /* FormBuilder */;
			targetProxy = B35FD469229F590B00631844 /* PBXContainerItemProxy */;
		};
		B35FD475229F590B00631844 /* PBXTargetDependency */ = {
			isa = PBXTargetDependency;
			target = B35FD453229F590800631844 /* FormBuilder */;
			targetProxy = B35FD474229F590B00631844 /* PBXContainerItemProxy */;
		};
/* End PBXTargetDependency section */

/* Begin PBXVariantGroup section */
		B35FD45B229F590800631844 /* Main.storyboard */ = {
			isa = PBXVariantGroup;
			children = (
				B35FD45C229F590800631844 /* Base */,
			);
			name = Main.storyboard;
			sourceTree = "<group>";
		};
		B35FD460229F590B00631844 /* LaunchScreen.storyboard */ = {
			isa = PBXVariantGroup;
			children = (
				B35FD461229F590B00631844 /* Base */,
			);
			name = LaunchScreen.storyboard;
			sourceTree = "<group>";
		};
/* End PBXVariantGroup section */

/* Begin XCBuildConfiguration section */
		B35FD47A229F590B00631844 /* Debug */ = {
			isa = XCBuildConfiguration;
			buildSettings = {
				ALWAYS_SEARCH_USER_PATHS = NO;
				CLANG_ANALYZER_NONNULL = YES;
				CLANG_ANALYZER_NUMBER_OBJECT_CONVERSION = YES_AGGRESSIVE;
				CLANG_CXX_LANGUAGE_STANDARD = "gnu++14";
				CLANG_CXX_LIBRARY = "libc++";
				CLANG_ENABLE_MODULES = YES;
				CLANG_ENABLE_OBJC_ARC = YES;
				CLANG_ENABLE_OBJC_WEAK = YES;
				CLANG_WARN_BLOCK_CAPTURE_AUTORELEASING = YES;
				CLANG_WARN_BOOL_CONVERSION = YES;
				CLANG_WARN_COMMA = YES;
				CLANG_WARN_CONSTANT_CONVERSION = YES;
				CLANG_WARN_DEPRECATED_OBJC_IMPLEMENTATIONS = YES;
				CLANG_WARN_DIRECT_OBJC_ISA_USAGE = YES_ERROR;
				CLANG_WARN_DOCUMENTATION_COMMENTS = YES;
				CLANG_WARN_EMPTY_BODY = YES;
				CLANG_WARN_ENUM_CONVERSION = YES;
				CLANG_WARN_INFINITE_RECURSION = YES;
				CLANG_WARN_INT_CONVERSION = YES;
				CLANG_WARN_NON_LITERAL_NULL_CONVERSION = YES;
				CLANG_WARN_OBJC_IMPLICIT_RETAIN_SELF = YES;
				CLANG_WARN_OBJC_LITERAL_CONVERSION = YES;
				CLANG_WARN_OBJC_ROOT_CLASS = YES_ERROR;
				CLANG_WARN_RANGE_LOOP_ANALYSIS = YES;
				CLANG_WARN_STRICT_PROTOTYPES = YES;
				CLANG_WARN_SUSPICIOUS_MOVE = YES;
				CLANG_WARN_UNGUARDED_AVAILABILITY = YES_AGGRESSIVE;
				CLANG_WARN_UNREACHABLE_CODE = YES;
				CLANG_WARN__DUPLICATE_METHOD_MATCH = YES;
				CODE_SIGN_IDENTITY = "iPhone Developer";
				COPY_PHASE_STRIP = NO;
				DEBUG_INFORMATION_FORMAT = dwarf;
				ENABLE_STRICT_OBJC_MSGSEND = YES;
				ENABLE_TESTABILITY = YES;
				GCC_C_LANGUAGE_STANDARD = gnu11;
				GCC_DYNAMIC_NO_PIC = NO;
				GCC_NO_COMMON_BLOCKS = YES;
				GCC_OPTIMIZATION_LEVEL = 0;
				GCC_PREPROCESSOR_DEFINITIONS = (
					"DEBUG=1",
					"$(inherited)",
				);
				GCC_WARN_64_TO_32_BIT_CONVERSION = YES;
				GCC_WARN_ABOUT_RETURN_TYPE = YES_ERROR;
				GCC_WARN_UNDECLARED_SELECTOR = YES;
				GCC_WARN_UNINITIALIZED_AUTOS = YES_AGGRESSIVE;
				GCC_WARN_UNUSED_FUNCTION = YES;
				GCC_WARN_UNUSED_VARIABLE = YES;
				IPHONEOS_DEPLOYMENT_TARGET = 12.2;
				MTL_ENABLE_DEBUG_INFO = INCLUDE_SOURCE;
				MTL_FAST_MATH = YES;
				ONLY_ACTIVE_ARCH = YES;
				SDKROOT = iphoneos;
				SWIFT_ACTIVE_COMPILATION_CONDITIONS = DEBUG;
				SWIFT_OPTIMIZATION_LEVEL = "-Onone";
			};
			name = Debug;
		};
		B35FD47B229F590B00631844 /* Release */ = {
			isa = XCBuildConfiguration;
			buildSettings = {
				ALWAYS_SEARCH_USER_PATHS = NO;
				CLANG_ANALYZER_NONNULL = YES;
				CLANG_ANALYZER_NUMBER_OBJECT_CONVERSION = YES_AGGRESSIVE;
				CLANG_CXX_LANGUAGE_STANDARD = "gnu++14";
				CLANG_CXX_LIBRARY = "libc++";
				CLANG_ENABLE_MODULES = YES;
				CLANG_ENABLE_OBJC_ARC = YES;
				CLANG_ENABLE_OBJC_WEAK = YES;
				CLANG_WARN_BLOCK_CAPTURE_AUTORELEASING = YES;
				CLANG_WARN_BOOL_CONVERSION = YES;
				CLANG_WARN_COMMA = YES;
				CLANG_WARN_CONSTANT_CONVERSION = YES;
				CLANG_WARN_DEPRECATED_OBJC_IMPLEMENTATIONS = YES;
				CLANG_WARN_DIRECT_OBJC_ISA_USAGE = YES_ERROR;
				CLANG_WARN_DOCUMENTATION_COMMENTS = YES;
				CLANG_WARN_EMPTY_BODY = YES;
				CLANG_WARN_ENUM_CONVERSION = YES;
				CLANG_WARN_INFINITE_RECURSION = YES;
				CLANG_WARN_INT_CONVERSION = YES;
				CLANG_WARN_NON_LITERAL_NULL_CONVERSION = YES;
				CLANG_WARN_OBJC_IMPLICIT_RETAIN_SELF = YES;
				CLANG_WARN_OBJC_LITERAL_CONVERSION = YES;
				CLANG_WARN_OBJC_ROOT_CLASS = YES_ERROR;
				CLANG_WARN_RANGE_LOOP_ANALYSIS = YES;
				CLANG_WARN_STRICT_PROTOTYPES = YES;
				CLANG_WARN_SUSPICIOUS_MOVE = YES;
				CLANG_WARN_UNGUARDED_AVAILABILITY = YES_AGGRESSIVE;
				CLANG_WARN_UNREACHABLE_CODE = YES;
				CLANG_WARN__DUPLICATE_METHOD_MATCH = YES;
				CODE_SIGN_IDENTITY = "iPhone Developer";
				COPY_PHASE_STRIP = NO;
				DEBUG_INFORMATION_FORMAT = "dwarf-with-dsym";
				ENABLE_NS_ASSERTIONS = NO;
				ENABLE_STRICT_OBJC_MSGSEND = YES;
				GCC_C_LANGUAGE_STANDARD = gnu11;
				GCC_NO_COMMON_BLOCKS = YES;
				GCC_WARN_64_TO_32_BIT_CONVERSION = YES;
				GCC_WARN_ABOUT_RETURN_TYPE = YES_ERROR;
				GCC_WARN_UNDECLARED_SELECTOR = YES;
				GCC_WARN_UNINITIALIZED_AUTOS = YES_AGGRESSIVE;
				GCC_WARN_UNUSED_FUNCTION = YES;
				GCC_WARN_UNUSED_VARIABLE = YES;
				IPHONEOS_DEPLOYMENT_TARGET = 12.2;
				MTL_ENABLE_DEBUG_INFO = NO;
				MTL_FAST_MATH = YES;
				SDKROOT = iphoneos;
				SWIFT_COMPILATION_MODE = wholemodule;
				SWIFT_OPTIMIZATION_LEVEL = "-O";
				VALIDATE_PRODUCT = YES;
			};
			name = Release;
		};
		B35FD47D229F590B00631844 /* Debug */ = {
			isa = XCBuildConfiguration;
			baseConfigurationReference = 2E921FD3A46B1CB8B05667E2 /* Pods-FormBuilder.debug.xcconfig */;
			buildSettings = {
				ASSETCATALOG_COMPILER_APPICON_NAME = AppIcon;
				CODE_SIGN_STYLE = Automatic;
				DEVELOPMENT_TEAM = TV9C62767F;
				INFOPLIST_FILE = "$(SRCROOT)/FormBuilder/Resources/Info.plist";
				IPHONEOS_DEPLOYMENT_TARGET = 11.0;
				LD_RUNPATH_SEARCH_PATHS = (
					"$(inherited)",
					"@executable_path/Frameworks",
				);
				PRODUCT_BUNDLE_IDENTIFIER = com.orbitremit.orbitremit.FormBuilder;
				PRODUCT_NAME = "$(TARGET_NAME)";
				SWIFT_VERSION = 5.0;
				TARGETED_DEVICE_FAMILY = "1,2";
			};
			name = Debug;
		};
		B35FD47E229F590B00631844 /* Release */ = {
			isa = XCBuildConfiguration;
			baseConfigurationReference = 971B9DA3BF68E8C6D53BDB7A /* Pods-FormBuilder.release.xcconfig */;
			buildSettings = {
				ASSETCATALOG_COMPILER_APPICON_NAME = AppIcon;
				CODE_SIGN_STYLE = Automatic;
				DEVELOPMENT_TEAM = TV9C62767F;
				INFOPLIST_FILE = "$(SRCROOT)/FormBuilder/Resources/Info.plist";
				IPHONEOS_DEPLOYMENT_TARGET = 11.0;
				LD_RUNPATH_SEARCH_PATHS = (
					"$(inherited)",
					"@executable_path/Frameworks",
				);
				PRODUCT_BUNDLE_IDENTIFIER = com.orbitremit.orbitremit.FormBuilder;
				PRODUCT_NAME = "$(TARGET_NAME)";
				SWIFT_VERSION = 5.0;
				TARGETED_DEVICE_FAMILY = "1,2";
			};
			name = Release;
		};
		B35FD480229F590B00631844 /* Debug */ = {
			isa = XCBuildConfiguration;
			baseConfigurationReference = DA3894A4FCCBC848728BE6F0 /* Pods-FormBuilderTests.debug.xcconfig */;
			buildSettings = {
				ALWAYS_EMBED_SWIFT_STANDARD_LIBRARIES = YES;
				BUNDLE_LOADER = "$(TEST_HOST)";
				CODE_SIGN_STYLE = Automatic;
				DEVELOPMENT_TEAM = TV9C62767F;
				INFOPLIST_FILE = FormBuilderTests/Info.plist;
				LD_RUNPATH_SEARCH_PATHS = (
					"$(inherited)",
					"@executable_path/Frameworks",
					"@loader_path/Frameworks",
				);
				PRODUCT_BUNDLE_IDENTIFIER = com.orbitremit.orbitremit.FormBuilderTests;
				PRODUCT_NAME = "$(TARGET_NAME)";
				SWIFT_VERSION = 5.0;
				TARGETED_DEVICE_FAMILY = "1,2";
				TEST_HOST = "$(BUILT_PRODUCTS_DIR)/FormBuilder.app/FormBuilder";
			};
			name = Debug;
		};
		B35FD481229F590B00631844 /* Release */ = {
			isa = XCBuildConfiguration;
			baseConfigurationReference = A817D379A7055A061DE05FB6 /* Pods-FormBuilderTests.release.xcconfig */;
			buildSettings = {
				ALWAYS_EMBED_SWIFT_STANDARD_LIBRARIES = YES;
				BUNDLE_LOADER = "$(TEST_HOST)";
				CODE_SIGN_STYLE = Automatic;
				DEVELOPMENT_TEAM = TV9C62767F;
				INFOPLIST_FILE = FormBuilderTests/Info.plist;
				LD_RUNPATH_SEARCH_PATHS = (
					"$(inherited)",
					"@executable_path/Frameworks",
					"@loader_path/Frameworks",
				);
				PRODUCT_BUNDLE_IDENTIFIER = com.orbitremit.orbitremit.FormBuilderTests;
				PRODUCT_NAME = "$(TARGET_NAME)";
				SWIFT_VERSION = 5.0;
				TARGETED_DEVICE_FAMILY = "1,2";
				TEST_HOST = "$(BUILT_PRODUCTS_DIR)/FormBuilder.app/FormBuilder";
			};
			name = Release;
		};
		B35FD483229F590B00631844 /* Debug */ = {
			isa = XCBuildConfiguration;
			baseConfigurationReference = 2D56889B6907B8A3A0727A9F /* Pods-FormBuilderUITests.debug.xcconfig */;
			buildSettings = {
				ALWAYS_EMBED_SWIFT_STANDARD_LIBRARIES = YES;
				CODE_SIGN_STYLE = Automatic;
				DEVELOPMENT_TEAM = TV9C62767F;
				INFOPLIST_FILE = FormBuilderUITests/Info.plist;
				LD_RUNPATH_SEARCH_PATHS = (
					"$(inherited)",
					"@executable_path/Frameworks",
					"@loader_path/Frameworks",
				);
				PRODUCT_BUNDLE_IDENTIFIER = com.orbitremit.orbitremit.FormBuilderUITests;
				PRODUCT_NAME = "$(TARGET_NAME)";
				SWIFT_VERSION = 5.0;
				TARGETED_DEVICE_FAMILY = "1,2";
				TEST_TARGET_NAME = FormBuilder;
			};
			name = Debug;
		};
		B35FD484229F590B00631844 /* Release */ = {
			isa = XCBuildConfiguration;
			baseConfigurationReference = 3BCC01A7E158EF39B936D2B1 /* Pods-FormBuilderUITests.release.xcconfig */;
			buildSettings = {
				ALWAYS_EMBED_SWIFT_STANDARD_LIBRARIES = YES;
				CODE_SIGN_STYLE = Automatic;
				DEVELOPMENT_TEAM = TV9C62767F;
				INFOPLIST_FILE = FormBuilderUITests/Info.plist;
				LD_RUNPATH_SEARCH_PATHS = (
					"$(inherited)",
					"@executable_path/Frameworks",
					"@loader_path/Frameworks",
				);
				PRODUCT_BUNDLE_IDENTIFIER = com.orbitremit.orbitremit.FormBuilderUITests;
				PRODUCT_NAME = "$(TARGET_NAME)";
				SWIFT_VERSION = 5.0;
				TARGETED_DEVICE_FAMILY = "1,2";
				TEST_TARGET_NAME = FormBuilder;
			};
			name = Release;
		};
/* End XCBuildConfiguration section */

/* Begin XCConfigurationList section */
		B35FD44F229F590800631844 /* Build configuration list for PBXProject "FormBuilder" */ = {
			isa = XCConfigurationList;
			buildConfigurations = (
				B35FD47A229F590B00631844 /* Debug */,
				B35FD47B229F590B00631844 /* Release */,
			);
			defaultConfigurationIsVisible = 0;
			defaultConfigurationName = Release;
		};
		B35FD47C229F590B00631844 /* Build configuration list for PBXNativeTarget "FormBuilder" */ = {
			isa = XCConfigurationList;
			buildConfigurations = (
				B35FD47D229F590B00631844 /* Debug */,
				B35FD47E229F590B00631844 /* Release */,
			);
			defaultConfigurationIsVisible = 0;
			defaultConfigurationName = Release;
		};
		B35FD47F229F590B00631844 /* Build configuration list for PBXNativeTarget "FormBuilderTests" */ = {
			isa = XCConfigurationList;
			buildConfigurations = (
				B35FD480229F590B00631844 /* Debug */,
				B35FD481229F590B00631844 /* Release */,
			);
			defaultConfigurationIsVisible = 0;
			defaultConfigurationName = Release;
		};
		B35FD482229F590B00631844 /* Build configuration list for PBXNativeTarget "FormBuilderUITests" */ = {
			isa = XCConfigurationList;
			buildConfigurations = (
				B35FD483229F590B00631844 /* Debug */,
				B35FD484229F590B00631844 /* Release */,
			);
			defaultConfigurationIsVisible = 0;
			defaultConfigurationName = Release;
		};
/* End XCConfigurationList section */
	};
	rootObject = B35FD44C229F590800631844 /* Project object */;
}
